
Microsoft Visual Studio Solution File, Format Version 11.00
# Visual Studio 2010
Project("{FAE04EC0-301F-11D3-BF4B-00C04F79EFBC}") = "BeaEngineCS", "BeaEngineCS\BeaEngineCS.csproj", "{C8241D75-0AA1-419D-A423-175FB36E4E34}"
	ProjectSection(ProjectDependencies) = postProject
		{9D235BEC-5983-4DD6-9674-62565D5EDD73} = {9D235BEC-5983-4DD6-9674-62565D5EDD73}
	EndProjectSection
EndProject
Project("{FAE04EC0-301F-11D3-BF4B-00C04F79EFBC}") = "Tests", "Tests\Tests.csproj", "{E62690ED-C59C-413F-8E8E-93BC1BD4FF42}"
	ProjectSection(ProjectDependencies) = postProject
		{9D235BEC-5983-4DD6-9674-62565D5EDD73} = {9D235BEC-5983-4DD6-9674-62565D5EDD73}
	EndProjectSection
EndProject
Project("{8BC9CEB8-8B4A-11D0-8D11-00A0C91BC942}") = "BeaEngine", "plugins\beaengine\BeaEngine.vcxproj", "{9D235BEC-5983-4DD6-9674-62565D5EDD73}"
EndProject
Global
	GlobalSection(SolutionConfigurationPlatforms) = preSolution
		Debug|x64 = Debug|x64
		Debug|x86 = Debug|x86
		Release|x64 = Release|x64
		Release|x86 = Release|x86
	EndGlobalSection
	GlobalSection(ProjectConfigurationPlatforms) = postSolution
		{C8241D75-0AA1-419D-A423-175FB36E4E34}.Debug|x64.ActiveCfg = Debug|x64
		{C8241D75-0AA1-419D-A423-175FB36E4E34}.Debug|x64.Build.0 = Debug|x64
		{C8241D75-0AA1-419D-A423-175FB36E4E34}.Debug|x86.ActiveCfg = Debug|x86
		{C8241D75-0AA1-419D-A423-175FB36E4E34}.Debug|x86.Build.0 = Debug|x86
		{C8241D75-0AA1-419D-A423-175FB36E4E34}.Release|x64.ActiveCfg = Release|x64
		{C8241D75-0AA1-419D-A423-175FB36E4E34}.Release|x64.Build.0 = Release|x64
		{C8241D75-0AA1-419D-A423-175FB36E4E34}.Release|x86.ActiveCfg = Release|x86
		{C8241D75-0AA1-419D-A423-175FB36E4E34}.Release|x86.Build.0 = Release|x86
		{E62690ED-C59C-413F-8E8E-93BC1BD4FF42}.Debug|x64.ActiveCfg = Debug|x64
		{E62690ED-C59C-413F-8E8E-93BC1BD4FF42}.Debug|x64.Build.0 = Debug|x64
		{E62690ED-C59C-413F-8E8E-93BC1BD4FF42}.Debug|x86.ActiveCfg = Debug|x86
		{E62690ED-C59C-413F-8E8E-93BC1BD4FF42}.Debug|x86.Build.0 = Debug|x86
		{E62690ED-C59C-413F-8E8E-93BC1BD4FF42}.Release|x64.ActiveCfg = Release|x64
		{E62690ED-C59C-413F-8E8E-93BC1BD4FF42}.Release|x64.Build.0 = Release|x64
		{E62690ED-C59C-413F-8E8E-93BC1BD4FF42}.Release|x86.ActiveCfg = Release|x86
		{E62690ED-C59C-413F-8E8E-93BC1BD4FF42}.Release|x86.Build.0 = Release|x86
		{9D235BEC-5983-4DD6-9674-62565D5EDD73}.Debug|x64.ActiveCfg = Debug|x64
		{9D235BEC-5983-4DD6-9674-62565D5EDD73}.Debug|x64.Build.0 = Debug|x64
		{9D235BEC-5983-4DD6-9674-62565D5EDD73}.Debug|x86.ActiveCfg = Debug|Win32
		{9D235BEC-5983-4DD6-9674-62565D5EDD73}.Debug|x86.Build.0 = Debug|Win32
		{9D235BEC-5983-4DD6-9674-62565D5EDD73}.Release|x64.ActiveCfg = Release|x64
		{9D235BEC-5983-4DD6-9674-62565D5EDD73}.Release|x64.Build.0 = Release|x64
		{9D235BEC-5983-4DD6-9674-62565D5EDD73}.Release|x86.ActiveCfg = Release|Win32
		{9D235BEC-5983-4DD6-9674-62565D5EDD73}.Release|x86.Build.0 = Release|Win32
	EndGlobalSection
	GlobalSection(SolutionProperties) = preSolution
		HideSolutionNode = FALSE
	EndGlobalSection
EndGlobal
